// !$*UTF8*$!
{
	archiveVersion = 1;
	classes = {
	};
	objectVersion = 77;
	objects = {

/* Begin PBXBuildFile section */
		D114A8032E8EC082003242DC /* libiconv.a in Frameworks */ = {isa = PBXBuildFile; fileRef = D114A8022E8EC082003242DC /* libiconv.a */; };
		D114A8052E8EC096003242DC /* libcharset.a in Frameworks */ = {isa = PBXBuildFile; fileRef = D114A8042E8EC096003242DC /* libcharset.a */; };
		D15189F82E8D6D1B002D38DC /* libjsoncpp.a in Frameworks */ = {isa = PBXBuildFile; fileRef = D15189F72E8D6D1B002D38DC /* libjsoncpp.a */; };
		D162433B2E8E3A38000A8A9B /* libxlsreader.a in Frameworks */ = {isa = PBXBuildFile; fileRef = D162433A2E8E3A2E000A8A9B /* libxlsreader.a */; };
/* End PBXBuildFile section */

/* Begin PBXCopyFilesBuildPhase section */
		D16478922E611F7700FC9914 /* CopyFiles */ = {
			isa = PBXCopyFilesBuildPhase;
			buildActionMask = 2147483647;
			dstPath = /usr/share/man/man1/;
			dstSubfolderSpec = 0;
			files = (
			);
			runOnlyForDeploymentPostprocessing = 1;
		};
/* End PBXCopyFilesBuildPhase section */

/* Begin PBXFileReference section */
		D114A8002E8EBEEB003242DC /* libiconv.tbd */ = {isa = PBXFileReference; lastKnownFileType = "sourcecode.text-based-dylib-definition"; name = libiconv.tbd; path = usr/lib/libiconv.tbd; sourceTree = SDKROOT; };
		D114A8022E8EC082003242DC /* libiconv.a */ = {isa = PBXFileReference; lastKnownFileType = archive.ar; name = libiconv.a; path = a/libiconv.a; sourceTree = "<group>"; };
		D114A8042E8EC096003242DC /* libcharset.a */ = {isa = PBXFileReference; lastKnownFileType = archive.ar; name = libcharset.a; path = a/libcharset.a; sourceTree = "<group>"; };
		D114A8072E8EC128003242DC /* libcharset.tbd */ = {isa = PBXFileReference; lastKnownFileType = "sourcecode.text-based-dylib-definition"; name = libcharset.tbd; path = usr/lib/libcharset.tbd; sourceTree = SDKROOT; };
		D15189F72E8D6D1B002D38DC /* libjsoncpp.a */ = {isa = PBXFileReference; lastKnownFileType = archive.ar; name = libjsoncpp.a; path = a/libjsoncpp.a; sourceTree = "<group>"; };
		D162433A2E8E3A2E000A8A9B /* libxlsreader.a */ = {isa = PBXFileReference; lastKnownFileType = archive.ar; name = libxlsreader.a; path = a/libxlsreader.a; sourceTree = "<group>"; };
		D16478942E611F7700FC9914 /* xls-parser */ = {isa = PBXFileReference; explicitFileType = "compiled.mach-o.executable"; includeInIndex = 0; path = "xls-parser"; sourceTree = BUILT_PRODUCTS_DIR; };
		D164789E2E61216B00FC9914 /* xls-config.xcconfig */ = {isa = PBXFileReference; lastKnownFileType = text.xcconfig; path = "xls-config.xcconfig"; sourceTree = "<group>"; };
/* End PBXFileReference section */

/* Begin PBXFileSystemSynchronizedRootGroup section */
		D16478962E611F7700FC9914 /* xls-parser */ = {
			isa = PBXFileSystemSynchronizedRootGroup;
			explicitFileTypes = {
				main.cpp = sourcecode.cpp.cpp;
			};
			path = "xls-parser";
			sourceTree = "<group>";
		};
/* End PBXFileSystemSynchronizedRootGroup section */

/* Begin PBXFrameworksBuildPhase section */
		D16478912E611F7700FC9914 /* Frameworks */ = {
			isa = PBXFrameworksBuildPhase;
			buildActionMask = 2147483647;
			files = (
				D114A8052E8EC096003242DC /* libcharset.a in Frameworks */,
				D114A8032E8EC082003242DC /* libiconv.a in Frameworks */,
				D162433B2E8E3A38000A8A9B /* libxlsreader.a in Frameworks */,
				D15189F82E8D6D1B002D38DC /* libjsoncpp.a in Frameworks */,
			);
			runOnlyForDeploymentPostprocessing = 0;
		};
/* End PBXFrameworksBuildPhase section */

/* Begin PBXGroup section */
		D157F30B2E612DD500DF46D3 /* Frameworks */ = {
			isa = PBXGroup;
			children = (
				D114A8072E8EC128003242DC /* libcharset.tbd */,
				D114A8042E8EC096003242DC /* libcharset.a */,
				D114A8022E8EC082003242DC /* libiconv.a */,
				D114A8002E8EBEEB003242DC /* libiconv.tbd */,
				D162433A2E8E3A2E000A8A9B /* libxlsreader.a */,
				D15189F72E8D6D1B002D38DC /* libjsoncpp.a */,
			);
			name = Frameworks;
			sourceTree = "<group>";
		};
		D164788B2E611F7700FC9914 = {
			isa = PBXGroup;
			children = (
				D164789E2E61216B00FC9914 /* xls-config.xcconfig */,
				D16478962E611F7700FC9914 /* xls-parser */,
				D157F30B2E612DD500DF46D3 /* Frameworks */,
				D16478952E611F7700FC9914 /* Products */,
			);
			sourceTree = "<group>";
		};
		D16478952E611F7700FC9914 /* Products */ = {
			isa = PBXGroup;
			children = (
				D16478942E611F7700FC9914 /* xls-parser */,
			);
			name = Products;
			sourceTree = "<group>";
		};
/* End PBXGroup section */

/* Begin PBXNativeTarget section */
		D16478932E611F7700FC9914 /* xls-parser */ = {
			isa = PBXNativeTarget;
			buildConfigurationList = D164789B2E611F7700FC9914 /* Build configuration list for PBXNativeTarget "xls-parser" */;
			buildPhases = (
				D16478902E611F7700FC9914 /* Sources */,
				D16478912E611F7700FC9914 /* Frameworks */,
				D16478922E611F7700FC9914 /* CopyFiles */,
			);
			buildRules = (
			);
			dependencies = (
			);
			fileSystemSynchronizedGroups = (
				D16478962E611F7700FC9914 /* xls-parser */,
			);
			name = "xls-parser";
			packageProductDependencies = (
			);
			productName = "opc-parser";
			productReference = D16478942E611F7700FC9914 /* xls-parser */;
			productType = "com.apple.product-type.tool";
		};
/* End PBXNativeTarget section */

/* Begin PBXProject section */
		D164788C2E611F7700FC9914 /* Project object */ = {
			isa = PBXProject;
			attributes = {
				BuildIndependentTargetsInParallel = 1;
				LastUpgradeCheck = 1610;
				TargetAttributes = {
					D16478932E611F7700FC9914 = {
						CreatedOnToolsVersion = 16.1;
					};
				};
			};
			buildConfigurationList = D164788F2E611F7700FC9914 /* Build configuration list for PBXProject "xls-parser" */;
			developmentRegion = en;
			hasScannedForEncodings = 0;
			knownRegions = (
				en,
				Base,
			);
			mainGroup = D164788B2E611F7700FC9914;
			minimizedProjectReferenceProxies = 1;
			preferredProjectObjectVersion = 77;
			productRefGroup = D16478952E611F7700FC9914 /* Products */;
			projectDirPath = "";
			projectRoot = "";
			targets = (
				D16478932E611F7700FC9914 /* xls-parser */,
			);
		};
/* End PBXProject section */

/* Begin PBXSourcesBuildPhase section */
		D16478902E611F7700FC9914 /* Sources */ = {
			isa = PBXSourcesBuildPhase;
			buildActionMask = 2147483647;
			files = (
			);
			runOnlyForDeploymentPostprocessing = 0;
		};
/* End PBXSourcesBuildPhase section */

/* Begin XCBuildConfiguration section */
		D16478992E611F7700FC9914 /* Debug */ = {
			isa = XCBuildConfiguration;
			baseConfigurationReference = D164789E2E61216B00FC9914 /* xls-config.xcconfig */;
			buildSettings = {
				ALWAYS_SEARCH_USER_PATHS = NO;
				ARCHS = x86_64;
				ASSETCATALOG_COMPILER_GENERATE_SWIFT_ASSET_SYMBOL_EXTENSIONS = YES;
				CLANG_ANALYZER_NONNULL = YES;
				CLANG_ANALYZER_NUMBER_OBJECT_CONVERSION = YES_AGGRESSIVE;
				CLANG_CXX_LANGUAGE_STANDARD = "gnu++20";
				CLANG_ENABLE_MODULES = YES;
				CLANG_ENABLE_OBJC_ARC = YES;
				CLANG_ENABLE_OBJC_WEAK = YES;
				CLANG_WARN_BLOCK_CAPTURE_AUTORELEASING = YES;
				CLANG_WARN_BOOL_CONVERSION = YES;
				CLANG_WARN_COMMA = YES;
				CLANG_WARN_CONSTANT_CONVERSION = YES;
				CLANG_WARN_DEPRECATED_OBJC_IMPLEMENTATIONS = YES;
				CLANG_WARN_DIRECT_OBJC_ISA_USAGE = YES_ERROR;
				CLANG_WARN_DOCUMENTATION_COMMENTS = YES;
				CLANG_WARN_EMPTY_BODY = YES;
				CLANG_WARN_ENUM_CONVERSION = YES;
				CLANG_WARN_INFINITE_RECURSION = YES;
				CLANG_WARN_INT_CONVERSION = YES;
				CLANG_WARN_NON_LITERAL_NULL_CONVERSION = YES;
				CLANG_WARN_OBJC_IMPLICIT_RETAIN_SELF = YES;
				CLANG_WARN_OBJC_LITERAL_CONVERSION = YES;
				CLANG_WARN_OBJC_ROOT_CLASS = YES_ERROR;
				CLANG_WARN_QUOTED_INCLUDE_IN_FRAMEWORK_HEADER = YES;
				CLANG_WARN_RANGE_LOOP_ANALYSIS = YES;
				CLANG_WARN_STRICT_PROTOTYPES = YES;
				CLANG_WARN_SUSPICIOUS_MOVE = YES;
				CLANG_WARN_UNGUARDED_AVAILABILITY = YES_AGGRESSIVE;
				CLANG_WARN_UNREACHABLE_CODE = YES;
				CLANG_WARN__DUPLICATE_METHOD_MATCH = YES;
				COPY_PHASE_STRIP = NO;
				DEBUG_INFORMATION_FORMAT = dwarf;
				ENABLE_STRICT_OBJC_MSGSEND = YES;
				ENABLE_TESTABILITY = YES;
				ENABLE_USER_SCRIPT_SANDBOXING = YES;
				GCC_C_LANGUAGE_STANDARD = "compiler-default";
				GCC_DYNAMIC_NO_PIC = NO;
				GCC_NO_COMMON_BLOCKS = YES;
				GCC_OPTIMIZATION_LEVEL = 0;
				GCC_PREPROCESSOR_DEFINITIONS = (
					"DEBUG=1",
					"$(inherited)",
				);
				GCC_WARN_64_TO_32_BIT_CONVERSION = YES;
				GCC_WARN_ABOUT_RETURN_TYPE = YES_ERROR;
				GCC_WARN_UNDECLARED_SELECTOR = YES;
				GCC_WARN_UNINITIALIZED_AUTOS = YES_AGGRESSIVE;
				GCC_WARN_UNUSED_FUNCTION = YES;
				GCC_WARN_UNUSED_VARIABLE = YES;
				LOCALIZATION_PREFERS_STRING_CATALOGS = YES;
				MACOSX_DEPLOYMENT_TARGET = 15.1;
				MTL_ENABLE_DEBUG_INFO = INCLUDE_SOURCE;
				MTL_FAST_MATH = YES;
				ONLY_ACTIVE_ARCH = YES;
				SDKROOT = macosx;
				SYMROOT = "";
			};
			name = Debug;
		};
		D164789A2E611F7700FC9914 /* Release */ = {
			isa = XCBuildConfiguration;
			baseConfigurationReference = D164789E2E61216B00FC9914 /* xls-config.xcconfig */;
			buildSettings = {
				ALWAYS_SEARCH_USER_PATHS = NO;
				ARCHS = x86_64;
				ASSETCATALOG_COMPILER_GENERATE_SWIFT_ASSET_SYMBOL_EXTENSIONS = YES;
				CLANG_ANALYZER_NONNULL = YES;
				CLANG_ANALYZER_NUMBER_OBJECT_CONVERSION = YES_AGGRESSIVE;
				CLANG_CXX_LANGUAGE_STANDARD = "gnu++20";
				CLANG_ENABLE_MODULES = YES;
				CLANG_ENABLE_OBJC_ARC = YES;
				CLANG_ENABLE_OBJC_WEAK = YES;
				CLANG_WARN_BLOCK_CAPTURE_AUTORELEASING = YES;
				CLANG_WARN_BOOL_CONVERSION = YES;
				CLANG_WARN_COMMA = YES;
				CLANG_WARN_CONSTANT_CONVERSION = YES;
				CLANG_WARN_DEPRECATED_OBJC_IMPLEMENTATIONS = YES;
				CLANG_WARN_DIRECT_OBJC_ISA_USAGE = YES_ERROR;
				CLANG_WARN_DOCUMENTATION_COMMENTS = YES;
				CLANG_WARN_EMPTY_BODY = YES;
				CLANG_WARN_ENUM_CONVERSION = YES;
				CLANG_WARN_INFINITE_RECURSION = YES;
				CLANG_WARN_INT_CONVERSION = YES;
				CLANG_WARN_NON_LITERAL_NULL_CONVERSION = YES;
				CLANG_WARN_OBJC_IMPLICIT_RETAIN_SELF = YES;
				CLANG_WARN_OBJC_LITERAL_CONVERSION = YES;
				CLANG_WARN_OBJC_ROOT_CLASS = YES_ERROR;
				CLANG_WARN_QUOTED_INCLUDE_IN_FRAMEWORK_HEADER = YES;
				CLANG_WARN_RANGE_LOOP_ANALYSIS = YES;
				CLANG_WARN_STRICT_PROTOTYPES = YES;
				CLANG_WARN_SUSPICIOUS_MOVE = YES;
				CLANG_WARN_UNGUARDED_AVAILABILITY = YES_AGGRESSIVE;
				CLANG_WARN_UNREACHABLE_CODE = YES;
				CLANG_WARN__DUPLICATE_METHOD_MATCH = YES;
				COPY_PHASE_STRIP = NO;
				DEBUG_INFORMATION_FORMAT = "dwarf-with-dsym";
				ENABLE_NS_ASSERTIONS = NO;
				ENABLE_STRICT_OBJC_MSGSEND = YES;
				ENABLE_USER_SCRIPT_SANDBOXING = YES;
				GCC_C_LANGUAGE_STANDARD = "compiler-default";
				GCC_NO_COMMON_BLOCKS = YES;
				GCC_WARN_64_TO_32_BIT_CONVERSION = YES;
				GCC_WARN_ABOUT_RETURN_TYPE = YES_ERROR;
				GCC_WARN_UNDECLARED_SELECTOR = YES;
				GCC_WARN_UNINITIALIZED_AUTOS = YES_AGGRESSIVE;
				GCC_WARN_UNUSED_FUNCTION = YES;
				GCC_WARN_UNUSED_VARIABLE = YES;
				LOCALIZATION_PREFERS_STRING_CATALOGS = YES;
				MACOSX_DEPLOYMENT_TARGET = 15.1;
				MTL_ENABLE_DEBUG_INFO = NO;
				MTL_FAST_MATH = YES;
				SDKROOT = macosx;
				SYMROOT = "";
			};
			name = Release;
		};
		D164789C2E611F7700FC9914 /* Debug */ = {
			isa = XCBuildConfiguration;
			baseConfigurationReference = D164789E2E61216B00FC9914 /* xls-config.xcconfig */;
			buildSettings = {
				ARCHS = x86_64;
				CODE_SIGN_STYLE = Automatic;
				DEVELOPMENT_TEAM = Y69CWUC25B;
				ENABLE_HARDENED_RUNTIME = YES;
				LIBRARY_SEARCH_PATHS = (
					"$(inherited)",
					"$(PROJECT_DIR)/a",
				);
				MACOSX_DEPLOYMENT_TARGET = 11.5;
				PRODUCT_NAME = "$(TARGET_NAME)";
				SYSTEM_HEADER_SEARCH_PATHS = include;
			};
			name = Debug;
		};
		D164789D2E611F7700FC9914 /* Release */ = {
			isa = XCBuildConfiguration;
			baseConfigurationReference = D164789E2E61216B00FC9914 /* xls-config.xcconfig */;
			buildSettings = {
				ARCHS = x86_64;
				CODE_SIGN_STYLE = Automatic;
				DEVELOPMENT_TEAM = Y69CWUC25B;
				ENABLE_HARDENED_RUNTIME = YES;
				LIBRARY_SEARCH_PATHS = (
					"$(inherited)",
					"$(PROJECT_DIR)/a",
				);
				MACOSX_DEPLOYMENT_TARGET = 11.5;
				PRODUCT_NAME = "$(TARGET_NAME)";
				SYSTEM_HEADER_SEARCH_PATHS = include;
			};
			name = Release;
		};
/* End XCBuildConfiguration section */

/* Begin XCConfigurationList section */
		D164788F2E611F7700FC9914 /* Build configuration list for PBXProject "xls-parser" */ = {
			isa = XCConfigurationList;
			buildConfigurations = (
				D16478992E611F7700FC9914 /* Debug */,
				D164789A2E611F7700FC9914 /* Release */,
			);
			defaultConfigurationIsVisible = 0;
			defaultConfigurationName = Release;
		};
		D164789B2E611F7700FC9914 /* Build configuration list for PBXNativeTarget "xls-parser" */ = {
			isa = XCConfigurationList;
			buildConfigurations = (
				D164789C2E611F7700FC9914 /* Debug */,
				D164789D2E611F7700FC9914 /* Release */,
			);
			defaultConfigurationIsVisible = 0;
			defaultConfigurationName = Release;
		};
/* End XCConfigurationList section */
	};
	rootObject = D164788C2E611F7700FC9914 /* Project object */;
}
